
Microsoft Visual Studio Solution File, Format Version 12.00
# Visual Studio Version 17
VisualStudioVersion = 17.6.33723.286
MinimumVisualStudioVersion = 10.0.40219.1
Project("{9A19103F-16F7-4668-BE54-9A1E7A4F7556}") = "DruidsCornerAPI", "DruidsCornerAPI\DruidsCornerAPI.csproj", "{30A0C83F-F33F-47FC-8BCA-4B6988E2BA62}"
EndProject
Project("{FAE04EC0-301F-11D3-BF4B-00C04F79EFBC}") = "DruidsCornerUnitTests", "DruidsCornerUnitTests\DruidsCornerUnitTests.csproj", "{05FF9973-4919-4DC6-ABBA-C2E30B867164}"
EndProject
Project("{FAE04EC0-301F-11D3-BF4B-00C04F79EFBC}") = "DruidsCornerApiIntegrationTests", "DruidsCornerApiIntegrationTests\DruidsCornerApiIntegrationTests.csproj", "{926A056C-D634-4C48-BE84-F18BC006F782}"
EndProject
Global
	GlobalSection(SolutionConfigurationPlatforms) = preSolution
		Debug|Any CPU = Debug|Any CPU
		Release|Any CPU = Release|Any CPU
	EndGlobalSection
	GlobalSection(ProjectConfigurationPlatforms) = postSolution
		{30A0C83F-F33F-47FC-8BCA-4B6988E2BA62}.Debug|Any CPU.ActiveCfg = Debug|Any CPU
		{30A0C83F-F33F-47FC-8BCA-4B6988E2BA62}.Debug|Any CPU.Build.0 = Debug|Any CPU
		{30A0C83F-F33F-47FC-8BCA-4B6988E2BA62}.Release|Any CPU.ActiveCfg = Release|Any CPU
		{30A0C83F-F33F-47FC-8BCA-4B6988E2BA62}.Release|Any CPU.Build.0 = Release|Any CPU
		{05FF9973-4919-4DC6-ABBA-C2E30B867164}.Debug|Any CPU.ActiveCfg = Debug|Any CPU
		{05FF9973-4919-4DC6-ABBA-C2E30B867164}.Debug|Any CPU.Build.0 = Debug|Any CPU
		{05FF9973-4919-4DC6-ABBA-C2E30B867164}.Release|Any CPU.ActiveCfg = Release|Any CPU
		{05FF9973-4919-4DC6-ABBA-C2E30B867164}.Release|Any CPU.Build.0 = Release|Any CPU
		{926A056C-D634-4C48-BE84-F18BC006F782}.Debug|Any CPU.ActiveCfg = Debug|Any CPU
		{926A056C-D634-4C48-BE84-F18BC006F782}.Debug|Any CPU.Build.0 = Debug|Any CPU
		{926A056C-D634-4C48-BE84-F18BC006F782}.Release|Any CPU.ActiveCfg = Release|Any CPU
		{926A056C-D634-4C48-BE84-F18BC006F782}.Release|Any CPU.Build.0 = Release|Any CPU
	EndGlobalSection
	GlobalSection(SolutionProperties) = preSolution
		HideSolutionNode = FALSE
	EndGlobalSection
	GlobalSection(ExtensibilityGlobals) = postSolution
		SolutionGuid = {4346D681-D3F0-4FE1-963D-726F317059BA}
	EndGlobalSection
EndGlobal
